
Microsoft Visual Studio Solution File, Format Version 12.00
# Visual Studio 15
VisualStudioVersion = 15.0.28010.2048
MinimumVisualStudioVersion = 10.0.40219.1
Project("{8BC9CEB8-8B4A-11D0-8D11-00A0C91BC942}") = "Lab11", "Lab11\Lab11.vcxproj", "{99089B14-681C-42FC-8139-ED245C7F8465}"
EndProject
Global
	GlobalSection(SolutionConfigurationPlatforms) = preSolution
		Debug|x64 = Debug|x64
		Debug|x86 = Debug|x86
		Release|x64 = Release|x64
		Release|x86 = Release|x86
	EndGlobalSection
	GlobalSection(ProjectConfigurationPlatforms) = postSolution
		{99089B14-681C-42FC-8139-ED245C7F8465}.Debug|x64.ActiveCfg = Debug|x64
		{99089B14-681C-42FC-8139-ED245C7F8465}.Debug|x64.Build.0 = Debug|x64
		{99089B14-681C-42FC-8139-ED245C7F8465}.Debug|x86.ActiveCfg = Debug|Win32
		{99089B14-681C-42FC-8139-ED245C7F8465}.Debug|x86.Build.0 = Debug|Win32
		{99089B14-681C-42FC-8139-ED245C7F8465}.Release|x64.ActiveCfg = Release|x64
		{99089B14-681C-42FC-8139-ED245C7F8465}.Release|x64.Build.0 = Release|x64
		{99089B14-681C-42FC-8139-ED245C7F8465}.Release|x86.ActiveCfg = Release|Win32
		{99089B14-681C-42FC-8139-ED245C7F8465}.Release|x86.Build.0 = Release|Win32
	EndGlobalSection
	GlobalSection(SolutionProperties) = preSolution
		HideSolutionNode = FALSE
	EndGlobalSection
	GlobalSection(ExtensibilityGlobals) = postSolution
		SolutionGuid = {41EC5EA4-AD03-4FDE-A1C1-4BEE15AAC3C8}
	EndGlobalSection
EndGlobal
